// !$*UTF8*$!
{
	archiveVersion = 1;
	classes = {
	};
	objectVersion = 55;
	objects = {

/* Begin PBXBuildFile section */
		185D6BBC270F1E4E0028DB8A /* PermissionViewController.swift in Sources */ = {isa = PBXBuildFile; fileRef = 185D6BBB270F1E4E0028DB8A /* PermissionViewController.swift */; };
		185D6BBE2711892D0028DB8A /* GrantPermissionModel.swift in Sources */ = {isa = PBXBuildFile; fileRef = 185D6BBD2711892D0028DB8A /* GrantPermissionModel.swift */; };
		18EB2AD226FDE73700A08DE9 /* AppDelegate.swift in Sources */ = {isa = PBXBuildFile; fileRef = 18EB2AD126FDE73700A08DE9 /* AppDelegate.swift */; };
		18EB2AD426FDE73700A08DE9 /* SceneDelegate.swift in Sources */ = {isa = PBXBuildFile; fileRef = 18EB2AD326FDE73700A08DE9 /* SceneDelegate.swift */; };
		18EB2AD626FDE73700A08DE9 /* GrantPermissionViewController.swift in Sources */ = {isa = PBXBuildFile; fileRef = 18EB2AD526FDE73700A08DE9 /* GrantPermissionViewController.swift */; };
		18EB2AD926FDE73700A08DE9 /* Main.storyboard in Resources */ = {isa = PBXBuildFile; fileRef = 18EB2AD726FDE73700A08DE9 /* Main.storyboard */; };
		18EB2ADB26FDE73800A08DE9 /* Assets.xcassets in Resources */ = {isa = PBXBuildFile; fileRef = 18EB2ADA26FDE73800A08DE9 /* Assets.xcassets */; };
		18EB2ADE26FDE73800A08DE9 /* LaunchScreen.storyboard in Resources */ = {isa = PBXBuildFile; fileRef = 18EB2ADC26FDE73800A08DE9 /* LaunchScreen.storyboard */; };
		18EB2AE726FDEADA00A08DE9 /* GrantPermissionCell.swift in Sources */ = {isa = PBXBuildFile; fileRef = 18EB2AE526FDEADA00A08DE9 /* GrantPermissionCell.swift */; };
		18EB2AE826FDEADA00A08DE9 /* GrantPermissionCell.xib in Resources */ = {isa = PBXBuildFile; fileRef = 18EB2AE626FDEADA00A08DE9 /* GrantPermissionCell.xib */; };
/* End PBXBuildFile section */

/* Begin PBXFileReference section */
		185D6BBB270F1E4E0028DB8A /* PermissionViewController.swift */ = {isa = PBXFileReference; lastKnownFileType = sourcecode.swift; path = PermissionViewController.swift; sourceTree = "<group>"; };
		185D6BBD2711892D0028DB8A /* GrantPermissionModel.swift */ = {isa = PBXFileReference; fileEncoding = 4; lastKnownFileType = sourcecode.swift; path = GrantPermissionModel.swift; sourceTree = "<group>"; };
		18EB2ACE26FDE73700A08DE9 /* Permission Screen.app */ = {isa = PBXFileReference; explicitFileType = wrapper.application; includeInIndex = 0; path = "Permission Screen.app"; sourceTree = BUILT_PRODUCTS_DIR; };
		18EB2AD126FDE73700A08DE9 /* AppDelegate.swift */ = {isa = PBXFileReference; lastKnownFileType = sourcecode.swift; path = AppDelegate.swift; sourceTree = "<group>"; };
		18EB2AD326FDE73700A08DE9 /* SceneDelegate.swift */ = {isa = PBXFileReference; lastKnownFileType = sourcecode.swift; path = SceneDelegate.swift; sourceTree = "<group>"; };
		18EB2AD526FDE73700A08DE9 /* GrantPermissionViewController.swift */ = {isa = PBXFileReference; lastKnownFileType = sourcecode.swift; path = GrantPermissionViewController.swift; sourceTree = "<group>"; };
		18EB2AD826FDE73700A08DE9 /* Base */ = {isa = PBXFileReference; lastKnownFileType = file.storyboard; name = Base; path = Base.lproj/Main.storyboard; sourceTree = "<group>"; };
		18EB2ADA26FDE73800A08DE9 /* Assets.xcassets */ = {isa = PBXFileReference; lastKnownFileType = folder.assetcatalog; path = Assets.xcassets; sourceTree = "<group>"; };
		18EB2ADD26FDE73800A08DE9 /* Base */ = {isa = PBXFileReference; lastKnownFileType = file.storyboard; name = Base; path = Base.lproj/LaunchScreen.storyboard; sourceTree = "<group>"; };
		18EB2ADF26FDE73800A08DE9 /* Info.plist */ = {isa = PBXFileReference; lastKnownFileType = text.plist.xml; path = Info.plist; sourceTree = "<group>"; };
		18EB2AE526FDEADA00A08DE9 /* GrantPermissionCell.swift */ = {isa = PBXFileReference; lastKnownFileType = sourcecode.swift; path = GrantPermissionCell.swift; sourceTree = "<group>"; };
		18EB2AE626FDEADA00A08DE9 /* GrantPermissionCell.xib */ = {isa = PBXFileReference; lastKnownFileType = file.xib; path = GrantPermissionCell.xib; sourceTree = "<group>"; };
/* End PBXFileReference section */

/* Begin PBXFrameworksBuildPhase section */
		18EB2ACB26FDE73700A08DE9 /* Frameworks */ = {
			isa = PBXFrameworksBuildPhase;
			buildActionMask = 2147483647;
			files = (
			);
			runOnlyForDeploymentPostprocessing = 0;
		};
/* End PBXFrameworksBuildPhase section */

/* Begin PBXGroup section */
		18EB2AC526FDE73700A08DE9 = {
			isa = PBXGroup;
			children = (
				18EB2AD026FDE73700A08DE9 /* Permission Screen */,
				18EB2ACF26FDE73700A08DE9 /* Products */,
			);
			sourceTree = "<group>";
		};
		18EB2ACF26FDE73700A08DE9 /* Products */ = {
			isa = PBXGroup;
			children = (
				18EB2ACE26FDE73700A08DE9 /* Permission Screen.app */,
			);
			name = Products;
			sourceTree = "<group>";
		};
		18EB2AD026FDE73700A08DE9 /* Permission Screen */ = {
			isa = PBXGroup;
			children = (
				18EB2AD126FDE73700A08DE9 /* AppDelegate.swift */,
				18EB2AD326FDE73700A08DE9 /* SceneDelegate.swift */,
				185D6BBD2711892D0028DB8A /* GrantPermissionModel.swift */,
				18EB2AD526FDE73700A08DE9 /* GrantPermissionViewController.swift */,
				185D6BBB270F1E4E0028DB8A /* PermissionViewController.swift */,
				18EB2AD726FDE73700A08DE9 /* Main.storyboard */,
				18EB2AE526FDEADA00A08DE9 /* GrantPermissionCell.swift */,
				18EB2AE626FDEADA00A08DE9 /* GrantPermissionCell.xib */,
				18EB2ADA26FDE73800A08DE9 /* Assets.xcassets */,
				18EB2ADC26FDE73800A08DE9 /* LaunchScreen.storyboard */,
				18EB2ADF26FDE73800A08DE9 /* Info.plist */,
			);
			path = "Permission Screen";
			sourceTree = "<group>";
		};
/* End PBXGroup section */

/* Begin PBXNativeTarget section */
		18EB2ACD26FDE73700A08DE9 /* Permission Screen */ = {
			isa = PBXNativeTarget;
			buildConfigurationList = 18EB2AE226FDE73800A08DE9 /* Build configuration list for PBXNativeTarget "Permission Screen" */;
			buildPhases = (
				18EB2ACA26FDE73700A08DE9 /* Sources */,
				18EB2ACB26FDE73700A08DE9 /* Frameworks */,
				18EB2ACC26FDE73700A08DE9 /* Resources */,
			);
			buildRules = (
			);
			dependencies = (
			);
			name = "Permission Screen";
			productName = "Permission Screen";
			productReference = 18EB2ACE26FDE73700A08DE9 /* Permission Screen.app */;
			productType = "com.apple.product-type.application";
		};
/* End PBXNativeTarget section */

/* Begin PBXProject section */
		18EB2AC626FDE73700A08DE9 /* Project object */ = {
			isa = PBXProject;
			attributes = {
				BuildIndependentTargetsInParallel = 1;
				LastSwiftUpdateCheck = 1300;
				LastUpgradeCheck = 1300;
				TargetAttributes = {
					18EB2ACD26FDE73700A08DE9 = {
						CreatedOnToolsVersion = 13.0;
					};
				};
			};
			buildConfigurationList = 18EB2AC926FDE73700A08DE9 /* Build configuration list for PBXProject "Permission Screen" */;
			compatibilityVersion = "Xcode 13.0";
			developmentRegion = en;
			hasScannedForEncodings = 0;
			knownRegions = (
				en,
				Base,
			);
			mainGroup = 18EB2AC526FDE73700A08DE9;
			productRefGroup = 18EB2ACF26FDE73700A08DE9 /* Products */;
			projectDirPath = "";
			projectRoot = "";
			targets = (
				18EB2ACD26FDE73700A08DE9 /* Permission Screen */,
			);
		};
/* End PBXProject section */

/* Begin PBXResourcesBuildPhase section */
		18EB2ACC26FDE73700A08DE9 /* Resources */ = {
			isa = PBXResourcesBuildPhase;
			buildActionMask = 2147483647;
			files = (
				18EB2ADE26FDE73800A08DE9 /* LaunchScreen.storyboard in Resources */,
				18EB2AE826FDEADA00A08DE9 /* GrantPermissionCell.xib in Resources */,
				18EB2ADB26FDE73800A08DE9 /* Assets.xcassets in Resources */,
				18EB2AD926FDE73700A08DE9 /* Main.storyboard in Resources */,
			);
			runOnlyForDeploymentPostprocessing = 0;
		};
/* End PBXResourcesBuildPhase section */

/* Begin PBXSourcesBuildPhase section */
		18EB2ACA26FDE73700A08DE9 /* Sources */ = {
			isa = PBXSourcesBuildPhase;
			buildActionMask = 2147483647;
			files = (
				18EB2AD626FDE73700A08DE9 /* GrantPermissionViewController.swift in Sources */,
				185D6BBC270F1E4E0028DB8A /* PermissionViewController.swift in Sources */,
				18EB2AE726FDEADA00A08DE9 /* GrantPermissionCell.swift in Sources */,
				185D6BBE2711892D0028DB8A /* GrantPermissionModel.swift in Sources */,
				18EB2AD226FDE73700A08DE9 /* AppDelegate.swift in Sources */,
				18EB2AD426FDE73700A08DE9 /* SceneDelegate.swift in Sources */,
			);
			runOnlyForDeploymentPostprocessing = 0;
		};
/* End PBXSourcesBuildPhase section */

/* Begin PBXVariantGroup section */
		18EB2AD726FDE73700A08DE9 /* Main.storyboard */ = {
			isa = PBXVariantGroup;
			children = (
				18EB2AD826FDE73700A08DE9 /* Base */,
			);
			name = Main.storyboard;
			sourceTree = "<group>";
		};
		18EB2ADC26FDE73800A08DE9 /* LaunchScreen.storyboard */ = {
			isa = PBXVariantGroup;
			children = (
				18EB2ADD26FDE73800A08DE9 /* Base */,
			);
			name = LaunchScreen.storyboard;
			sourceTree = "<group>";
		};
/* End PBXVariantGroup section */

/* Begin XCBuildConfiguration section */
		18EB2AE026FDE73800A08DE9 /* Debug */ = {
			isa = XCBuildConfiguration;
			buildSettings = {
				ALWAYS_SEARCH_USER_PATHS = NO;
				CLANG_ANALYZER_NONNULL = YES;
				CLANG_ANALYZER_NUMBER_OBJECT_CONVERSION = YES_AGGRESSIVE;
				CLANG_CXX_LANGUAGE_STANDARD = "gnu++17";
				CLANG_CXX_LIBRARY = "libc++";
				CLANG_ENABLE_MODULES = YES;
				CLANG_ENABLE_OBJC_ARC = YES;
				CLANG_ENABLE_OBJC_WEAK = YES;
				CLANG_WARN_BLOCK_CAPTURE_AUTORELEASING = YES;
				CLANG_WARN_BOOL_CONVERSION = YES;
				CLANG_WARN_COMMA = YES;
				CLANG_WARN_CONSTANT_CONVERSION = YES;
				CLANG_WARN_DEPRECATED_OBJC_IMPLEMENTATIONS = YES;
				CLANG_WARN_DIRECT_OBJC_ISA_USAGE = YES_ERROR;
				CLANG_WARN_DOCUMENTATION_COMMENTS = YES;
				CLANG_WARN_EMPTY_BODY = YES;
				CLANG_WARN_ENUM_CONVERSION = YES;
				CLANG_WARN_INFINITE_RECURSION = YES;
				CLANG_WARN_INT_CONVERSION = YES;
				CLANG_WARN_NON_LITERAL_NULL_CONVERSION = YES;
				CLANG_WARN_OBJC_IMPLICIT_RETAIN_SELF = YES;
				CLANG_WARN_OBJC_LITERAL_CONVERSION = YES;
				CLANG_WARN_OBJC_ROOT_CLASS = YES_ERROR;
				CLANG_WARN_QUOTED_INCLUDE_IN_FRAMEWORK_HEADER = YES;
				CLANG_WARN_RANGE_LOOP_ANALYSIS = YES;
				CLANG_WARN_STRICT_PROTOTYPES = YES;
				CLANG_WARN_SUSPICIOUS_MOVE = YES;
				CLANG_WARN_UNGUARDED_AVAILABILITY = YES_AGGRESSIVE;
				CLANG_WARN_UNREACHABLE_CODE = YES;
				CLANG_WARN__DUPLICATE_METHOD_MATCH = YES;
				COPY_PHASE_STRIP = NO;
				DEBUG_INFORMATION_FORMAT = dwarf;
				ENABLE_STRICT_OBJC_MSGSEND = YES;
				ENABLE_TESTABILITY = YES;
				GCC_C_LANGUAGE_STANDARD = gnu11;
				GCC_DYNAMIC_NO_PIC = NO;
				GCC_NO_COMMON_BLOCKS = YES;
				GCC_OPTIMIZATION_LEVEL = 0;
				GCC_PREPROCESSOR_DEFINITIONS = (
					"DEBUG=1",
					"$(inherited)",
				);
				GCC_WARN_64_TO_32_BIT_CONVERSION = YES;
				GCC_WARN_ABOUT_RETURN_TYPE = YES_ERROR;
				GCC_WARN_UNDECLARED_SELECTOR = YES;
				GCC_WARN_UNINITIALIZED_AUTOS = YES_AGGRESSIVE;
				GCC_WARN_UNUSED_FUNCTION = YES;
				GCC_WARN_UNUSED_VARIABLE = YES;
				IPHONEOS_DEPLOYMENT_TARGET = 14.7;
				MTL_ENABLE_DEBUG_INFO = INCLUDE_SOURCE;
				MTL_FAST_MATH = YES;
				ONLY_ACTIVE_ARCH = YES;
				SDKROOT = iphoneos;
				SWIFT_ACTIVE_COMPILATION_CONDITIONS = DEBUG;
				SWIFT_OPTIMIZATION_LEVEL = "-Onone";
			};
			name = Debug;
		};
		18EB2AE126FDE73800A08DE9 /* Release */ = {
			isa = XCBuildConfiguration;
			buildSettings = {
				ALWAYS_SEARCH_USER_PATHS = NO;
				CLANG_ANALYZER_NONNULL = YES;
				CLANG_ANALYZER_NUMBER_OBJECT_CONVERSION = YES_AGGRESSIVE;
				CLANG_CXX_LANGUAGE_STANDARD = "gnu++17";
				CLANG_CXX_LIBRARY = "libc++";
				CLANG_ENABLE_MODULES = YES;
				CLANG_ENABLE_OBJC_ARC = YES;
				CLANG_ENABLE_OBJC_WEAK = YES;
				CLANG_WARN_BLOCK_CAPTURE_AUTORELEASING = YES;
				CLANG_WARN_BOOL_CONVERSION = YES;
				CLANG_WARN_COMMA = YES;
				CLANG_WARN_CONSTANT_CONVERSION = YES;
				CLANG_WARN_DEPRECATED_OBJC_IMPLEMENTATIONS = YES;
				CLANG_WARN_DIRECT_OBJC_ISA_USAGE = YES_ERROR;
				CLANG_WARN_DOCUMENTATION_COMMENTS = YES;
				CLANG_WARN_EMPTY_BODY = YES;
				CLANG_WARN_ENUM_CONVERSION = YES;
				CLANG_WARN_INFINITE_RECURSION = YES;
				CLANG_WARN_INT_CONVERSION = YES;
				CLANG_WARN_NON_LITERAL_NULL_CONVERSION = YES;
				CLANG_WARN_OBJC_IMPLICIT_RETAIN_SELF = YES;
				CLANG_WARN_OBJC_LITERAL_CONVERSION = YES;
				CLANG_WARN_OBJC_ROOT_CLASS = YES_ERROR;
				CLANG_WARN_QUOTED_INCLUDE_IN_FRAMEWORK_HEADER = YES;
				CLANG_WARN_RANGE_LOOP_ANALYSIS = YES;
				CLANG_WARN_STRICT_PROTOTYPES = YES;
				CLANG_WARN_SUSPICIOUS_MOVE = YES;
				CLANG_WARN_UNGUARDED_AVAILABILITY = YES_AGGRESSIVE;
				CLANG_WARN_UNREACHABLE_CODE = YES;
				CLANG_WARN__DUPLICATE_METHOD_MATCH = YES;
				COPY_PHASE_STRIP = NO;
				DEBUG_INFORMATION_FORMAT = "dwarf-with-dsym";
				ENABLE_NS_ASSERTIONS = NO;
				ENABLE_STRICT_OBJC_MSGSEND = YES;
				GCC_C_LANGUAGE_STANDARD = gnu11;
				GCC_NO_COMMON_BLOCKS = YES;
				GCC_WARN_64_TO_32_BIT_CONVERSION = YES;
				GCC_WARN_ABOUT_RETURN_TYPE = YES_ERROR;
				GCC_WARN_UNDECLARED_SELECTOR = YES;
				GCC_WARN_UNINITIALIZED_AUTOS = YES_AGGRESSIVE;
				GCC_WARN_UNUSED_FUNCTION = YES;
				GCC_WARN_UNUSED_VARIABLE = YES;
				IPHONEOS_DEPLOYMENT_TARGET = 14.7;
				MTL_ENABLE_DEBUG_INFO = NO;
				MTL_FAST_MATH = YES;
				SDKROOT = iphoneos;
				SWIFT_COMPILATION_MODE = wholemodule;
				SWIFT_OPTIMIZATION_LEVEL = "-O";
				VALIDATE_PRODUCT = YES;
			};
			name = Release;
		};
		18EB2AE326FDE73800A08DE9 /* Debug */ = {
			isa = XCBuildConfiguration;
			buildSettings = {
				ASSETCATALOG_COMPILER_APPICON_NAME = AppIcon;
				ASSETCATALOG_COMPILER_GLOBAL_ACCENT_COLOR_NAME = AccentColor;
				CODE_SIGN_STYLE = Automatic;
				CURRENT_PROJECT_VERSION = 1;
				DEVELOPMENT_TEAM = DG4KJUCBGL;
				GENERATE_INFOPLIST_FILE = YES;
				INFOPLIST_FILE = "Permission Screen/Info.plist";
				INFOPLIST_KEY_UIApplicationSupportsIndirectInputEvents = YES;
				INFOPLIST_KEY_UILaunchStoryboardName = LaunchScreen;
				INFOPLIST_KEY_UIMainStoryboardFile = Main;
				INFOPLIST_KEY_UISupportedInterfaceOrientations_iPad = "UIInterfaceOrientationPortrait UIInterfaceOrientationPortraitUpsideDown UIInterfaceOrientationLandscapeLeft UIInterfaceOrientationLandscapeRight";
				INFOPLIST_KEY_UISupportedInterfaceOrientations_iPhone = "UIInterfaceOrientationPortrait UIInterfaceOrientationLandscapeLeft UIInterfaceOrientationLandscapeRight";
				LD_RUNPATH_SEARCH_PATHS = (
					"$(inherited)",
					"@executable_path/Frameworks",
				);
				MARKETING_VERSION = 1.0;
				PRODUCT_BUNDLE_IDENTIFIER = "OneBanc.Permission-Screen";
				PRODUCT_NAME = "$(TARGET_NAME)";
				SWIFT_EMIT_LOC_STRINGS = YES;
				SWIFT_VERSION = 5.0;
				TARGETED_DEVICE_FAMILY = "1,2";
			};
			name = Debug;
		};
		18EB2AE426FDE73800A08DE9 /* Release */ = {
			isa = XCBuildConfiguration;
			buildSettings = {
				ASSETCATALOG_COMPILER_APPICON_NAME = AppIcon;
				ASSETCATALOG_COMPILER_GLOBAL_ACCENT_COLOR_NAME = AccentColor;
				CODE_SIGN_STYLE = Automatic;
				CURRENT_PROJECT_VERSION = 1;
				DEVELOPMENT_TEAM = DG4KJUCBGL;
				GENERATE_INFOPLIST_FILE = YES;
				INFOPLIST_FILE = "Permission Screen/Info.plist";
				INFOPLIST_KEY_UIApplicationSupportsIndirectInputEvents = YES;
				INFOPLIST_KEY_UILaunchStoryboardName = LaunchScreen;
				INFOPLIST_KEY_UIMainStoryboardFile = Main;
				INFOPLIST_KEY_UISupportedInterfaceOrientations_iPad = "UIInterfaceOrientationPortrait UIInterfaceOrientationPortraitUpsideDown UIInterfaceOrientationLandscapeLeft UIInterfaceOrientationLandscapeRight";
				INFOPLIST_KEY_UISupportedInterfaceOrientations_iPhone = "UIInterfaceOrientationPortrait UIInterfaceOrientationLandscapeLeft UIInterfaceOrientationLandscapeRight";
				LD_RUNPATH_SEARCH_PATHS = (
					"$(inherited)",
					"@executable_path/Frameworks",
				);
				MARKETING_VERSION = 1.0;
				PRODUCT_BUNDLE_IDENTIFIER = "OneBanc.Permission-Screen";
				PRODUCT_NAME = "$(TARGET_NAME)";
				SWIFT_EMIT_LOC_STRINGS = YES;
				SWIFT_VERSION = 5.0;
				TARGETED_DEVICE_FAMILY = "1,2";
			};
			name = Release;
		};
/* End XCBuildConfiguration section */

/* Begin XCConfigurationList section */
		18EB2AC926FDE73700A08DE9 /* Build configuration list for PBXProject "Permission Screen" */ = {
			isa = XCConfigurationList;
			buildConfigurations = (
				18EB2AE026FDE73800A08DE9 /* Debug */,
				18EB2AE126FDE73800A08DE9 /* Release */,
			);
			defaultConfigurationIsVisible = 0;
			defaultConfigurationName = Release;
		};
		18EB2AE226FDE73800A08DE9 /* Build configuration list for PBXNativeTarget "Permission Screen" */ = {
			isa = XCConfigurationList;
			buildConfigurations = (
				18EB2AE326FDE73800A08DE9 /* Debug */,
				18EB2AE426FDE73800A08DE9 /* Release */,
			);
			defaultConfigurationIsVisible = 0;
			defaultConfigurationName = Release;
		};
/* End XCConfigurationList section */
	};
	rootObject = 18EB2AC626FDE73700A08DE9 /* Project object */;
}
